// !$*UTF8*$!
{
	archiveVersion = 1;
	classes = {
	};
	objectVersion = 51;
	objects = {

/* Begin PBXBuildFile section */
		1F0C18AC23455844003B0F68 /* Quotes.swift in Sources */ = {isa = PBXBuildFile; fileRef = 1F0C18AB23455844003B0F68 /* Quotes.swift */; };
		1F90931B2341C59100AF8F6C /* UsersViewController.swift in Sources */ = {isa = PBXBuildFile; fileRef = 1F90931A2341C59100AF8F6C /* UsersViewController.swift */; };
		1F90931D2341C71800AF8F6C /* User.swift in Sources */ = {isa = PBXBuildFile; fileRef = 1F90931C2341C71800AF8F6C /* User.swift */; };
		1F90931F2341C79F00AF8F6C /* WeightInput.swift in Sources */ = {isa = PBXBuildFile; fileRef = 1F90931E2341C79F00AF8F6C /* WeightInput.swift */; };
		1F909DA82345BC210041CB33 /* AddUserViewController.swift in Sources */ = {isa = PBXBuildFile; fileRef = 1F909DA72345BC210041CB33 /* AddUserViewController.swift */; };
		1F93BF1E233EC0EC007951A2 /* AppDelegate.swift in Sources */ = {isa = PBXBuildFile; fileRef = 1F93BF1D233EC0EC007951A2 /* AppDelegate.swift */; };
		1F93BF23233EC0EC007951A2 /* Main.storyboard in Resources */ = {isa = PBXBuildFile; fileRef = 1F93BF21233EC0EC007951A2 /* Main.storyboard */; };
		1F93BF25233EC0ED007951A2 /* Assets.xcassets in Resources */ = {isa = PBXBuildFile; fileRef = 1F93BF24233EC0ED007951A2 /* Assets.xcassets */; };
		1F93BF28233EC0ED007951A2 /* LaunchScreen.storyboard in Resources */ = {isa = PBXBuildFile; fileRef = 1F93BF26233EC0ED007951A2 /* LaunchScreen.storyboard */; };
		1FEAA5D22341C00A00926EDA /* InitialViewController.swift in Sources */ = {isa = PBXBuildFile; fileRef = 1FEAA5D12341C00A00926EDA /* InitialViewController.swift */; };
		E1CCDD71EC13D299D11AED2B /* Pods_GoalGraph.framework in Frameworks */ = {isa = PBXBuildFile; fileRef = B4B9C01899CD04AF80CDB005 /* Pods_GoalGraph.framework */; };
/* End PBXBuildFile section */

/* Begin PBXFileReference section */
		1F0C18AB23455844003B0F68 /* Quotes.swift */ = {isa = PBXFileReference; lastKnownFileType = sourcecode.swift; path = Quotes.swift; sourceTree = "<group>"; };
		1F90931A2341C59100AF8F6C /* UsersViewController.swift */ = {isa = PBXFileReference; lastKnownFileType = sourcecode.swift; path = UsersViewController.swift; sourceTree = "<group>"; };
		1F90931C2341C71800AF8F6C /* User.swift */ = {isa = PBXFileReference; lastKnownFileType = sourcecode.swift; path = User.swift; sourceTree = "<group>"; };
		1F90931E2341C79F00AF8F6C /* WeightInput.swift */ = {isa = PBXFileReference; lastKnownFileType = sourcecode.swift; path = WeightInput.swift; sourceTree = "<group>"; };
		1F909DA72345BC210041CB33 /* AddUserViewController.swift */ = {isa = PBXFileReference; lastKnownFileType = sourcecode.swift; path = AddUserViewController.swift; sourceTree = "<group>"; };
		1F93BF1A233EC0EC007951A2 /* GoalGraph.app */ = {isa = PBXFileReference; explicitFileType = wrapper.application; includeInIndex = 0; path = GoalGraph.app; sourceTree = BUILT_PRODUCTS_DIR; };
		1F93BF1D233EC0EC007951A2 /* AppDelegate.swift */ = {isa = PBXFileReference; lastKnownFileType = sourcecode.swift; path = AppDelegate.swift; sourceTree = "<group>"; };
		1F93BF22233EC0EC007951A2 /* Base */ = {isa = PBXFileReference; lastKnownFileType = file.storyboard; name = Base; path = Base.lproj/Main.storyboard; sourceTree = "<group>"; };
		1F93BF24233EC0ED007951A2 /* Assets.xcassets */ = {isa = PBXFileReference; lastKnownFileType = folder.assetcatalog; path = Assets.xcassets; sourceTree = "<group>"; };
		1F93BF27233EC0ED007951A2 /* Base */ = {isa = PBXFileReference; lastKnownFileType = file.storyboard; name = Base; path = Base.lproj/LaunchScreen.storyboard; sourceTree = "<group>"; };
		1F93BF29233EC0ED007951A2 /* Info.plist */ = {isa = PBXFileReference; lastKnownFileType = text.plist.xml; path = Info.plist; sourceTree = "<group>"; };
		1FEAA5D12341C00A00926EDA /* InitialViewController.swift */ = {isa = PBXFileReference; lastKnownFileType = sourcecode.swift; path = InitialViewController.swift; sourceTree = "<group>"; };
		36DBD73400612F9757A0597C /* Pods-GoalGraph.debug.xcconfig */ = {isa = PBXFileReference; includeInIndex = 1; lastKnownFileType = text.xcconfig; name = "Pods-GoalGraph.debug.xcconfig"; path = "Target Support Files/Pods-GoalGraph/Pods-GoalGraph.debug.xcconfig"; sourceTree = "<group>"; };
		B4B9C01899CD04AF80CDB005 /* Pods_GoalGraph.framework */ = {isa = PBXFileReference; explicitFileType = wrapper.framework; includeInIndex = 0; path = Pods_GoalGraph.framework; sourceTree = BUILT_PRODUCTS_DIR; };
		FC6FBD0ABF5CFB3397314E6C /* Pods-GoalGraph.release.xcconfig */ = {isa = PBXFileReference; includeInIndex = 1; lastKnownFileType = text.xcconfig; name = "Pods-GoalGraph.release.xcconfig"; path = "Target Support Files/Pods-GoalGraph/Pods-GoalGraph.release.xcconfig"; sourceTree = "<group>"; };
/* End PBXFileReference section */

/* Begin PBXFrameworksBuildPhase section */
		1F93BF17233EC0EC007951A2 /* Frameworks */ = {
			isa = PBXFrameworksBuildPhase;
			buildActionMask = 2147483647;
			files = (
				E1CCDD71EC13D299D11AED2B /* Pods_GoalGraph.framework in Frameworks */,
			);
			runOnlyForDeploymentPostprocessing = 0;
		};
/* End PBXFrameworksBuildPhase section */

/* Begin PBXGroup section */
		1F591542234193DC00C2D582 /* Controllers */ = {
			isa = PBXGroup;
			children = (
				1FEAA5D12341C00A00926EDA /* InitialViewController.swift */,
				1F90931A2341C59100AF8F6C /* UsersViewController.swift */,
				1F909DA72345BC210041CB33 /* AddUserViewController.swift */,
			);
			path = Controllers;
			sourceTree = "<group>";
		};
		1F591543234193E700C2D582 /* Model */ = {
			isa = PBXGroup;
			children = (
				1F90931C2341C71800AF8F6C /* User.swift */,
				1F90931E2341C79F00AF8F6C /* WeightInput.swift */,
				1F0C18AB23455844003B0F68 /* Quotes.swift */,
			);
			path = Model;
			sourceTree = "<group>";
		};
		1F591544234193F000C2D582 /* Views */ = {
			isa = PBXGroup;
			children = (
				1F93BF21233EC0EC007951A2 /* Main.storyboard */,
			);
			path = Views;
			sourceTree = "<group>";
		};
		1F93BF11233EC0EC007951A2 = {
			isa = PBXGroup;
			children = (
				1F93BF1C233EC0EC007951A2 /* GoalGraph */,
				1F93BF1B233EC0EC007951A2 /* Products */,
				864518F40680949C4722262B /* Pods */,
				753B93210645B989117CB063 /* Frameworks */,
			);
			sourceTree = "<group>";
		};
		1F93BF1B233EC0EC007951A2 /* Products */ = {
			isa = PBXGroup;
			children = (
				1F93BF1A233EC0EC007951A2 /* GoalGraph.app */,
			);
			name = Products;
			sourceTree = "<group>";
		};
		1F93BF1C233EC0EC007951A2 /* GoalGraph */ = {
			isa = PBXGroup;
			children = (
				1F93BF1D233EC0EC007951A2 /* AppDelegate.swift */,
				1F591544234193F000C2D582 /* Views */,
				1F591543234193E700C2D582 /* Model */,
				1F591542234193DC00C2D582 /* Controllers */,
				1F93BF24233EC0ED007951A2 /* Assets.xcassets */,
				1F93BF26233EC0ED007951A2 /* LaunchScreen.storyboard */,
				1F93BF29233EC0ED007951A2 /* Info.plist */,
			);
			path = GoalGraph;
			sourceTree = "<group>";
		};
		753B93210645B989117CB063 /* Frameworks */ = {
			isa = PBXGroup;
			children = (
				B4B9C01899CD04AF80CDB005 /* Pods_GoalGraph.framework */,
			);
			name = Frameworks;
			sourceTree = "<group>";
		};
		864518F40680949C4722262B /* Pods */ = {
			isa = PBXGroup;
			children = (
				36DBD73400612F9757A0597C /* Pods-GoalGraph.debug.xcconfig */,
				FC6FBD0ABF5CFB3397314E6C /* Pods-GoalGraph.release.xcconfig */,
			);
			path = Pods;
			sourceTree = "<group>";
		};
/* End PBXGroup section */

/* Begin PBXNativeTarget section */
		1F93BF19233EC0EC007951A2 /* GoalGraph */ = {
			isa = PBXNativeTarget;
			buildConfigurationList = 1F93BF2C233EC0ED007951A2 /* Build configuration list for PBXNativeTarget "GoalGraph" */;
			buildPhases = (
				6DEF6D7094E809AC6A2FE2EC /* [CP] Check Pods Manifest.lock */,
				1F93BF16233EC0EC007951A2 /* Sources */,
				1F93BF17233EC0EC007951A2 /* Frameworks */,
				1F93BF18233EC0EC007951A2 /* Resources */,
				27A984D50F16B8606F2910D1 /* [CP] Embed Pods Frameworks */,
			);
			buildRules = (
			);
			dependencies = (
			);
			name = GoalGraph;
			productName = GoalGraph;
			productReference = 1F93BF1A233EC0EC007951A2 /* GoalGraph.app */;
			productType = "com.apple.product-type.application";
		};
/* End PBXNativeTarget section */

/* Begin PBXProject section */
		1F93BF12233EC0EC007951A2 /* Project object */ = {
			isa = PBXProject;
			attributes = {
				LastSwiftUpdateCheck = 1030;
				LastUpgradeCheck = 1030;
				ORGANIZATIONNAME = "Jake Garcia";
				TargetAttributes = {
					1F93BF19233EC0EC007951A2 = {
						CreatedOnToolsVersion = 10.3;
					};
				};
			};
			buildConfigurationList = 1F93BF15233EC0EC007951A2 /* Build configuration list for PBXProject "GoalGraph" */;
			compatibilityVersion = "Xcode 9.3";
			developmentRegion = en;
			hasScannedForEncodings = 0;
			knownRegions = (
				en,
				Base,
			);
			mainGroup = 1F93BF11233EC0EC007951A2;
			productRefGroup = 1F93BF1B233EC0EC007951A2 /* Products */;
			projectDirPath = "";
			projectRoot = "";
			targets = (
				1F93BF19233EC0EC007951A2 /* GoalGraph */,
			);
		};
/* End PBXProject section */

/* Begin PBXResourcesBuildPhase section */
		1F93BF18233EC0EC007951A2 /* Resources */ = {
			isa = PBXResourcesBuildPhase;
			buildActionMask = 2147483647;
			files = (
				1F93BF28233EC0ED007951A2 /* LaunchScreen.storyboard in Resources */,
				1F93BF25233EC0ED007951A2 /* Assets.xcassets in Resources */,
				1F93BF23233EC0EC007951A2 /* Main.storyboard in Resources */,
			);
			runOnlyForDeploymentPostprocessing = 0;
		};
/* End PBXResourcesBuildPhase section */

/* Begin PBXShellScriptBuildPhase section */
		27A984D50F16B8606F2910D1 /* [CP] Embed Pods Frameworks */ = {
			isa = PBXShellScriptBuildPhase;
			buildActionMask = 2147483647;
			files = (
			);
			inputFileListPaths = (
				"${PODS_ROOT}/Target Support Files/Pods-GoalGraph/Pods-GoalGraph-frameworks-${CONFIGURATION}-input-files.xcfilelist",
			);
			name = "[CP] Embed Pods Frameworks";
			outputFileListPaths = (
				"${PODS_ROOT}/Target Support Files/Pods-GoalGraph/Pods-GoalGraph-frameworks-${CONFIGURATION}-output-files.xcfilelist",
			);
			runOnlyForDeploymentPostprocessing = 0;
			shellPath = /bin/sh;
			shellScript = "\"${PODS_ROOT}/Target Support Files/Pods-GoalGraph/Pods-GoalGraph-frameworks.sh\"\n";
			showEnvVarsInLog = 0;
		};
		6DEF6D7094E809AC6A2FE2EC /* [CP] Check Pods Manifest.lock */ = {
			isa = PBXShellScriptBuildPhase;
			buildActionMask = 2147483647;
			files = (
			);
			inputFileListPaths = (
			);
			inputPaths = (
				"${PODS_PODFILE_DIR_PATH}/Podfile.lock",
				"${PODS_ROOT}/Manifest.lock",
			);
			name = "[CP] Check Pods Manifest.lock";
			outputFileListPaths = (
			);
			outputPaths = (
				"$(DERIVED_FILE_DIR)/Pods-GoalGraph-checkManifestLockResult.txt",
			);
			runOnlyForDeploymentPostprocessing = 0;
			shellPath = /bin/sh;
			shellScript = "diff \"${PODS_PODFILE_DIR_PATH}/Podfile.lock\" \"${PODS_ROOT}/Manifest.lock\" > /dev/null\nif [ $? != 0 ] ; then\n    # print error to STDERR\n    echo \"error: The sandbox is not in sync with the Podfile.lock. Run 'pod install' or update your CocoaPods installation.\" >&2\n    exit 1\nfi\n# This output is used by Xcode 'outputs' to avoid re-running this script phase.\necho \"SUCCESS\" > \"${SCRIPT_OUTPUT_FILE_0}\"\n";
			showEnvVarsInLog = 0;
		};
/* End PBXShellScriptBuildPhase section */

/* Begin PBXSourcesBuildPhase section */
		1F93BF16233EC0EC007951A2 /* Sources */ = {
			isa = PBXSourcesBuildPhase;
			buildActionMask = 2147483647;
			files = (
				1F90931D2341C71800AF8F6C /* User.swift in Sources */,
				1F93BF1E233EC0EC007951A2 /* AppDelegate.swift in Sources */,
				1F0C18AC23455844003B0F68 /* Quotes.swift in Sources */,
				1F90931F2341C79F00AF8F6C /* WeightInput.swift in Sources */,
				1F909DA82345BC210041CB33 /* AddUserViewController.swift in Sources */,
				1F90931B2341C59100AF8F6C /* UsersViewController.swift in Sources */,
				1FEAA5D22341C00A00926EDA /* InitialViewController.swift in Sources */,
			);
			runOnlyForDeploymentPostprocessing = 0;
		};
/* End PBXSourcesBuildPhase section */

/* Begin PBXVariantGroup section */
		1F93BF21233EC0EC007951A2 /* Main.storyboard */ = {
			isa = PBXVariantGroup;
			children = (
				1F93BF22233EC0EC007951A2 /* Base */,
			);
			name = Main.storyboard;
			sourceTree = "<group>";
		};
		1F93BF26233EC0ED007951A2 /* LaunchScreen.storyboard */ = {
			isa = PBXVariantGroup;
			children = (
				1F93BF27233EC0ED007951A2 /* Base */,
			);
			name = LaunchScreen.storyboard;
			sourceTree = "<group>";
		};
/* End PBXVariantGroup section */

/* Begin XCBuildConfiguration section */
		1F93BF2A233EC0ED007951A2 /* Debug */ = {
			isa = XCBuildConfiguration;
			buildSettings = {
				ALWAYS_SEARCH_USER_PATHS = NO;
				CLANG_ANALYZER_NONNULL = YES;
				CLANG_ANALYZER_NUMBER_OBJECT_CONVERSION = YES_AGGRESSIVE;
				CLANG_CXX_LANGUAGE_STANDARD = "gnu++14";
				CLANG_CXX_LIBRARY = "libc++";
				CLANG_ENABLE_MODULES = YES;
				CLANG_ENABLE_OBJC_ARC = YES;
				CLANG_ENABLE_OBJC_WEAK = YES;
				CLANG_WARN_BLOCK_CAPTURE_AUTORELEASING = YES;
				CLANG_WARN_BOOL_CONVERSION = YES;
				CLANG_WARN_COMMA = YES;
				CLANG_WARN_CONSTANT_CONVERSION = YES;
				CLANG_WARN_DEPRECATED_OBJC_IMPLEMENTATIONS = YES;
				CLANG_WARN_DIRECT_OBJC_ISA_USAGE = YES_ERROR;
				CLANG_WARN_DOCUMENTATION_COMMENTS = YES;
				CLANG_WARN_EMPTY_BODY = YES;
				CLANG_WARN_ENUM_CONVERSION = YES;
				CLANG_WARN_INFINITE_RECURSION = YES;
				CLANG_WARN_INT_CONVERSION = YES;
				CLANG_WARN_NON_LITERAL_NULL_CONVERSION = YES;
				CLANG_WARN_OBJC_IMPLICIT_RETAIN_SELF = YES;
				CLANG_WARN_OBJC_LITERAL_CONVERSION = YES;
				CLANG_WARN_OBJC_ROOT_CLASS = YES_ERROR;
				CLANG_WARN_RANGE_LOOP_ANALYSIS = YES;
				CLANG_WARN_STRICT_PROTOTYPES = YES;
				CLANG_WARN_SUSPICIOUS_MOVE = YES;
				CLANG_WARN_UNGUARDED_AVAILABILITY = YES_AGGRESSIVE;
				CLANG_WARN_UNREACHABLE_CODE = YES;
				CLANG_WARN__DUPLICATE_METHOD_MATCH = YES;
				CODE_SIGN_IDENTITY = "iPhone Developer";
				COPY_PHASE_STRIP = NO;
				DEBUG_INFORMATION_FORMAT = dwarf;
				ENABLE_STRICT_OBJC_MSGSEND = YES;
				ENABLE_TESTABILITY = YES;
				GCC_C_LANGUAGE_STANDARD = gnu11;
				GCC_DYNAMIC_NO_PIC = NO;
				GCC_NO_COMMON_BLOCKS = YES;
				GCC_OPTIMIZATION_LEVEL = 0;
				GCC_PREPROCESSOR_DEFINITIONS = (
					"DEBUG=1",
					"$(inherited)",
				);
				GCC_WARN_64_TO_32_BIT_CONVERSION = YES;
				GCC_WARN_ABOUT_RETURN_TYPE = YES_ERROR;
				GCC_WARN_UNDECLARED_SELECTOR = YES;
				GCC_WARN_UNINITIALIZED_AUTOS = YES_AGGRESSIVE;
				GCC_WARN_UNUSED_FUNCTION = YES;
				GCC_WARN_UNUSED_VARIABLE = YES;
				IPHONEOS_DEPLOYMENT_TARGET = 9.0;
				MTL_ENABLE_DEBUG_INFO = INCLUDE_SOURCE;
				MTL_FAST_MATH = YES;
				ONLY_ACTIVE_ARCH = YES;
				SDKROOT = iphoneos;
				SWIFT_ACTIVE_COMPILATION_CONDITIONS = DEBUG;
				SWIFT_OPTIMIZATION_LEVEL = "-Onone";
			};
			name = Debug;
		};
		1F93BF2B233EC0ED007951A2 /* Release */ = {
			isa = XCBuildConfiguration;
			buildSettings = {
				ALWAYS_SEARCH_USER_PATHS = NO;
				CLANG_ANALYZER_NONNULL = YES;
				CLANG_ANALYZER_NUMBER_OBJECT_CONVERSION = YES_AGGRESSIVE;
				CLANG_CXX_LANGUAGE_STANDARD = "gnu++14";
				CLANG_CXX_LIBRARY = "libc++";
				CLANG_ENABLE_MODULES = YES;
				CLANG_ENABLE_OBJC_ARC = YES;
				CLANG_ENABLE_OBJC_WEAK = YES;
				CLANG_WARN_BLOCK_CAPTURE_AUTORELEASING = YES;
				CLANG_WARN_BOOL_CONVERSION = YES;
				CLANG_WARN_COMMA = YES;
				CLANG_WARN_CONSTANT_CONVERSION = YES;
				CLANG_WARN_DEPRECATED_OBJC_IMPLEMENTATIONS = YES;
				CLANG_WARN_DIRECT_OBJC_ISA_USAGE = YES_ERROR;
				CLANG_WARN_DOCUMENTATION_COMMENTS = YES;
				CLANG_WARN_EMPTY_BODY = YES;
				CLANG_WARN_ENUM_CONVERSION = YES;
				CLANG_WARN_INFINITE_RECURSION = YES;
				CLANG_WARN_INT_CONVERSION = YES;
				CLANG_WARN_NON_LITERAL_NULL_CONVERSION = YES;
				CLANG_WARN_OBJC_IMPLICIT_RETAIN_SELF = YES;
				CLANG_WARN_OBJC_LITERAL_CONVERSION = YES;
				CLANG_WARN_OBJC_ROOT_CLASS = YES_ERROR;
				CLANG_WARN_RANGE_LOOP_ANALYSIS = YES;
				CLANG_WARN_STRICT_PROTOTYPES = YES;
				CLANG_WARN_SUSPICIOUS_MOVE = YES;
				CLANG_WARN_UNGUARDED_AVAILABILITY = YES_AGGRESSIVE;
				CLANG_WARN_UNREACHABLE_CODE = YES;
				CLANG_WARN__DUPLICATE_METHOD_MATCH = YES;
				CODE_SIGN_IDENTITY = "iPhone Developer";
				COPY_PHASE_STRIP = NO;
				DEBUG_INFORMATION_FORMAT = "dwarf-with-dsym";
				ENABLE_NS_ASSERTIONS = NO;
				ENABLE_STRICT_OBJC_MSGSEND = YES;
				GCC_C_LANGUAGE_STANDARD = gnu11;
				GCC_NO_COMMON_BLOCKS = YES;
				GCC_WARN_64_TO_32_BIT_CONVERSION = YES;
				GCC_WARN_ABOUT_RETURN_TYPE = YES_ERROR;
				GCC_WARN_UNDECLARED_SELECTOR = YES;
				GCC_WARN_UNINITIALIZED_AUTOS = YES_AGGRESSIVE;
				GCC_WARN_UNUSED_FUNCTION = YES;
				GCC_WARN_UNUSED_VARIABLE = YES;
				IPHONEOS_DEPLOYMENT_TARGET = 9.0;
				MTL_ENABLE_DEBUG_INFO = NO;
				MTL_FAST_MATH = YES;
				SDKROOT = iphoneos;
				SWIFT_COMPILATION_MODE = wholemodule;
				SWIFT_OPTIMIZATION_LEVEL = "-O";
				VALIDATE_PRODUCT = YES;
			};
			name = Release;
		};
		1F93BF2D233EC0ED007951A2 /* Debug */ = {
			isa = XCBuildConfiguration;
			baseConfigurationReference = 36DBD73400612F9757A0597C /* Pods-GoalGraph.debug.xcconfig */;
			buildSettings = {
				ASSETCATALOG_COMPILER_APPICON_NAME = AppIcon;
				CODE_SIGN_STYLE = Automatic;
				DEVELOPMENT_TEAM = P68NKZ4NT5;
				INFOPLIST_FILE = GoalGraph/Info.plist;
				LD_RUNPATH_SEARCH_PATHS = (
					"$(inherited)",
					"@executable_path/Frameworks",
				);
				PRODUCT_BUNDLE_IDENTIFIER = com.JakeGarcia.GoalGraph;
				PRODUCT_NAME = "$(TARGET_NAME)";
				SWIFT_VERSION = 5.0;
				TARGETED_DEVICE_FAMILY = "1,2";
			};
			name = Debug;
		};
		1F93BF2E233EC0ED007951A2 /* Release */ = {
			isa = XCBuildConfiguration;
			baseConfigurationReference = FC6FBD0ABF5CFB3397314E6C /* Pods-GoalGraph.release.xcconfig */;
			buildSettings = {
				ASSETCATALOG_COMPILER_APPICON_NAME = AppIcon;
				CODE_SIGN_STYLE = Automatic;
				DEVELOPMENT_TEAM = P68NKZ4NT5;
				INFOPLIST_FILE = GoalGraph/Info.plist;
				LD_RUNPATH_SEARCH_PATHS = (
					"$(inherited)",
					"@executable_path/Frameworks",
				);
				PRODUCT_BUNDLE_IDENTIFIER = com.JakeGarcia.GoalGraph;
				PRODUCT_NAME = "$(TARGET_NAME)";
				SWIFT_VERSION = 5.0;
				TARGETED_DEVICE_FAMILY = "1,2";
			};
			name = Release;
		};
/* End XCBuildConfiguration section */

/* Begin XCConfigurationList section */
		1F93BF15233EC0EC007951A2 /* Build configuration list for PBXProject "GoalGraph" */ = {
			isa = XCConfigurationList;
			buildConfigurations = (
				1F93BF2A233EC0ED007951A2 /* Debug */,
				1F93BF2B233EC0ED007951A2 /* Release */,
			);
			defaultConfigurationIsVisible = 0;
			defaultConfigurationName = Release;
		};
		1F93BF2C233EC0ED007951A2 /* Build configuration list for PBXNativeTarget "GoalGraph" */ = {
			isa = XCConfigurationList;
			buildConfigurations = (
				1F93BF2D233EC0ED007951A2 /* Debug */,
				1F93BF2E233EC0ED007951A2 /* Release */,
			);
			defaultConfigurationIsVisible = 0;
			defaultConfigurationName = Release;
		};
/* End XCConfigurationList section */
	};
	rootObject = 1F93BF12233EC0EC007951A2 /* Project object */;
}
